
Microsoft Visual Studio Solution File, Format Version 12.00
# Visual Studio Version 17
VisualStudioVersion = 17.11.35327.3
MinimumVisualStudioVersion = 10.0.40219.1
Project("{9A19103F-16F7-4668-BE54-9A1E7A4F7556}") = "Newrise", "Newrise\Newrise\Newrise.csproj", "{C54CAAF9-21E7-416B-99A6-6C375195ED96}"
EndProject
Project("{9A19103F-16F7-4668-BE54-9A1E7A4F7556}") = "Newrise.Client", "Newrise\Newrise.Client\Newrise.Client.csproj", "{FEE7637C-A48F-4DA1-89EE-663C94102401}"
EndProject
Project("{9A19103F-16F7-4668-BE54-9A1E7A4F7556}") = "Newrise.Shared", "Newrise.Shared\Newrise.Shared.csproj", "{208E881A-9AB1-483A-8798-D7E244A3F0AA}"
EndProject
Global
	GlobalSection(SolutionConfigurationPlatforms) = preSolution
		Debug|Any CPU = Debug|Any CPU
		Release|Any CPU = Release|Any CPU
	EndGlobalSection
	GlobalSection(ProjectConfigurationPlatforms) = postSolution
		{C54CAAF9-21E7-416B-99A6-6C375195ED96}.Debug|Any CPU.ActiveCfg = Debug|Any CPU
		{C54CAAF9-21E7-416B-99A6-6C375195ED96}.Debug|Any CPU.Build.0 = Debug|Any CPU
		{C54CAAF9-21E7-416B-99A6-6C375195ED96}.Release|Any CPU.ActiveCfg = Release|Any CPU
		{C54CAAF9-21E7-416B-99A6-6C375195ED96}.Release|Any CPU.Build.0 = Release|Any CPU
		{FEE7637C-A48F-4DA1-89EE-663C94102401}.Debug|Any CPU.ActiveCfg = Debug|Any CPU
		{FEE7637C-A48F-4DA1-89EE-663C94102401}.Debug|Any CPU.Build.0 = Debug|Any CPU
		{FEE7637C-A48F-4DA1-89EE-663C94102401}.Release|Any CPU.ActiveCfg = Release|Any CPU
		{FEE7637C-A48F-4DA1-89EE-663C94102401}.Release|Any CPU.Build.0 = Release|Any CPU
		{208E881A-9AB1-483A-8798-D7E244A3F0AA}.Debug|Any CPU.ActiveCfg = Debug|Any CPU
		{208E881A-9AB1-483A-8798-D7E244A3F0AA}.Debug|Any CPU.Build.0 = Debug|Any CPU
		{208E881A-9AB1-483A-8798-D7E244A3F0AA}.Release|Any CPU.ActiveCfg = Release|Any CPU
		{208E881A-9AB1-483A-8798-D7E244A3F0AA}.Release|Any CPU.Build.0 = Release|Any CPU
	EndGlobalSection
	GlobalSection(SolutionProperties) = preSolution
		HideSolutionNode = FALSE
	EndGlobalSection
	GlobalSection(ExtensibilityGlobals) = postSolution
		SolutionGuid = {625726AA-A894-46C4-969E-826A1B786348}
	EndGlobalSection
EndGlobal
